{
  "version": "4",
  "specifiers": {
    "npm:@wasmer/sdk@0.8": "0.8.0",
    "npm:vite@^5.4.10": "5.4.10",
    "npm:xterm-addon-fit@0.8": "0.8.0_xterm@5.3.0",
    "npm:xterm@^5.3.0": "5.3.0"
  },
  "npm": {
    "@esbuild/aix-ppc64@0.21.5": {
      "integrity": "sha512-1SDgH6ZSPTlggy1yI6+Dbkiz8xzpHJEVAlF/AM1tHPLsf5STom9rwtjE4hKAF20FfXXNTFqEYXyJNWh1GiZedQ=="
    },
    "@esbuild/android-arm64@0.21.5": {
      "integrity": "sha512-c0uX9VAUBQ7dTDCjq+wdyGLowMdtR/GoC2U5IYk/7D1H1JYC0qseD7+11iMP2mRLN9RcCMRcjC4YMclCzGwS/A=="
    },
    "@esbuild/android-arm@0.21.5": {
      "integrity": "sha512-vCPvzSjpPHEi1siZdlvAlsPxXl7WbOVUBBAowWug4rJHb68Ox8KualB+1ocNvT5fjv6wpkX6o/iEpbDrf68zcg=="
    },
    "@esbuild/android-x64@0.21.5": {
      "integrity": "sha512-D7aPRUUNHRBwHxzxRvp856rjUHRFW1SdQATKXH2hqA0kAZb1hKmi02OpYRacl0TxIGz/ZmXWlbZgjwWYaCakTA=="
    },
    "@esbuild/darwin-arm64@0.21.5": {
      "integrity": "sha512-DwqXqZyuk5AiWWf3UfLiRDJ5EDd49zg6O9wclZ7kUMv2WRFr4HKjXp/5t8JZ11QbQfUS6/cRCKGwYhtNAY88kQ=="
    },
    "@esbuild/darwin-x64@0.21.5": {
      "integrity": "sha512-se/JjF8NlmKVG4kNIuyWMV/22ZaerB+qaSi5MdrXtd6R08kvs2qCN4C09miupktDitvh8jRFflwGFBQcxZRjbw=="
    },
    "@esbuild/freebsd-arm64@0.21.5": {
      "integrity": "sha512-5JcRxxRDUJLX8JXp/wcBCy3pENnCgBR9bN6JsY4OmhfUtIHe3ZW0mawA7+RDAcMLrMIZaf03NlQiX9DGyB8h4g=="
    },
    "@esbuild/freebsd-x64@0.21.5": {
      "integrity": "sha512-J95kNBj1zkbMXtHVH29bBriQygMXqoVQOQYA+ISs0/2l3T9/kj42ow2mpqerRBxDJnmkUDCaQT/dfNXWX/ZZCQ=="
    },
    "@esbuild/linux-arm64@0.21.5": {
      "integrity": "sha512-ibKvmyYzKsBeX8d8I7MH/TMfWDXBF3db4qM6sy+7re0YXya+K1cem3on9XgdT2EQGMu4hQyZhan7TeQ8XkGp4Q=="
    },
    "@esbuild/linux-arm@0.21.5": {
      "integrity": "sha512-bPb5AHZtbeNGjCKVZ9UGqGwo8EUu4cLq68E95A53KlxAPRmUyYv2D6F0uUI65XisGOL1hBP5mTronbgo+0bFcA=="
    },
    "@esbuild/linux-ia32@0.21.5": {
      "integrity": "sha512-YvjXDqLRqPDl2dvRODYmmhz4rPeVKYvppfGYKSNGdyZkA01046pLWyRKKI3ax8fbJoK5QbxblURkwK/MWY18Tg=="
    },
    "@esbuild/linux-loong64@0.21.5": {
      "integrity": "sha512-uHf1BmMG8qEvzdrzAqg2SIG/02+4/DHB6a9Kbya0XDvwDEKCoC8ZRWI5JJvNdUjtciBGFQ5PuBlpEOXQj+JQSg=="
    },
    "@esbuild/linux-mips64el@0.21.5": {
      "integrity": "sha512-IajOmO+KJK23bj52dFSNCMsz1QP1DqM6cwLUv3W1QwyxkyIWecfafnI555fvSGqEKwjMXVLokcV5ygHW5b3Jbg=="
    },
    "@esbuild/linux-ppc64@0.21.5": {
      "integrity": "sha512-1hHV/Z4OEfMwpLO8rp7CvlhBDnjsC3CttJXIhBi+5Aj5r+MBvy4egg7wCbe//hSsT+RvDAG7s81tAvpL2XAE4w=="
    },
    "@esbuild/linux-riscv64@0.21.5": {
      "integrity": "sha512-2HdXDMd9GMgTGrPWnJzP2ALSokE/0O5HhTUvWIbD3YdjME8JwvSCnNGBnTThKGEB91OZhzrJ4qIIxk/SBmyDDA=="
    },
    "@esbuild/linux-s390x@0.21.5": {
      "integrity": "sha512-zus5sxzqBJD3eXxwvjN1yQkRepANgxE9lgOW2qLnmr8ikMTphkjgXu1HR01K4FJg8h1kEEDAqDcZQtbrRnB41A=="
    },
    "@esbuild/linux-x64@0.21.5": {
      "integrity": "sha512-1rYdTpyv03iycF1+BhzrzQJCdOuAOtaqHTWJZCWvijKD2N5Xu0TtVC8/+1faWqcP9iBCWOmjmhoH94dH82BxPQ=="
    },
    "@esbuild/netbsd-x64@0.21.5": {
      "integrity": "sha512-Woi2MXzXjMULccIwMnLciyZH4nCIMpWQAs049KEeMvOcNADVxo0UBIQPfSmxB3CWKedngg7sWZdLvLczpe0tLg=="
    },
    "@esbuild/openbsd-x64@0.21.5": {
      "integrity": "sha512-HLNNw99xsvx12lFBUwoT8EVCsSvRNDVxNpjZ7bPn947b8gJPzeHWyNVhFsaerc0n3TsbOINvRP2byTZ5LKezow=="
    },
    "@esbuild/sunos-x64@0.21.5": {
      "integrity": "sha512-6+gjmFpfy0BHU5Tpptkuh8+uw3mnrvgs+dSPQXQOv3ekbordwnzTVEb4qnIvQcYXq6gzkyTnoZ9dZG+D4garKg=="
    },
    "@esbuild/win32-arm64@0.21.5": {
      "integrity": "sha512-Z0gOTd75VvXqyq7nsl93zwahcTROgqvuAcYDUr+vOv8uHhNSKROyU961kgtCD1e95IqPKSQKH7tBTslnS3tA8A=="
    },
    "@esbuild/win32-ia32@0.21.5": {
      "integrity": "sha512-SWXFF1CL2RVNMaVs+BBClwtfZSvDgtL//G/smwAc5oVK/UPu2Gu9tIaRgFmYFFKrmg3SyAjSrElf0TiJ1v8fYA=="
    },
    "@esbuild/win32-x64@0.21.5": {
      "integrity": "sha512-tQd/1efJuzPC6rCFwEvLtci/xNFcTZknmXs98FYDfGE4wP9ClFV98nyKrzJKVPMhdDnjzLhdUyMX4PsQAPjwIw=="
    },
    "@rollup/rollup-android-arm-eabi@4.24.3": {
      "integrity": "sha512-ufb2CH2KfBWPJok95frEZZ82LtDl0A6QKTa8MoM+cWwDZvVGl5/jNb79pIhRvAalUu+7LD91VYR0nwRD799HkQ=="
    },
    "@rollup/rollup-android-arm64@4.24.3": {
      "integrity": "sha512-iAHpft/eQk9vkWIV5t22V77d90CRofgR2006UiCjHcHJFVI1E0oBkQIAbz+pLtthFw3hWEmVB4ilxGyBf48i2Q=="
    },
    "@rollup/rollup-darwin-arm64@4.24.3": {
      "integrity": "sha512-QPW2YmkWLlvqmOa2OwrfqLJqkHm7kJCIMq9kOz40Zo9Ipi40kf9ONG5Sz76zszrmIZZ4hgRIkez69YnTHgEz1w=="
    },
    "@rollup/rollup-darwin-x64@4.24.3": {
      "integrity": "sha512-KO0pN5x3+uZm1ZXeIfDqwcvnQ9UEGN8JX5ufhmgH5Lz4ujjZMAnxQygZAVGemFWn+ZZC0FQopruV4lqmGMshow=="
    },
    "@rollup/rollup-freebsd-arm64@4.24.3": {
      "integrity": "sha512-CsC+ZdIiZCZbBI+aRlWpYJMSWvVssPuWqrDy/zi9YfnatKKSLFCe6fjna1grHuo/nVaHG+kiglpRhyBQYRTK4A=="
    },
    "@rollup/rollup-freebsd-x64@4.24.3": {
      "integrity": "sha512-F0nqiLThcfKvRQhZEzMIXOQG4EeX61im61VYL1jo4eBxv4aZRmpin6crnBJQ/nWnCsjH5F6J3W6Stdm0mBNqBg=="
    },
    "@rollup/rollup-linux-arm-gnueabihf@4.24.3": {
      "integrity": "sha512-KRSFHyE/RdxQ1CSeOIBVIAxStFC/hnBgVcaiCkQaVC+EYDtTe4X7z5tBkFyRoBgUGtB6Xg6t9t2kulnX6wJc6A=="
    },
    "@rollup/rollup-linux-arm-musleabihf@4.24.3": {
      "integrity": "sha512-h6Q8MT+e05zP5BxEKz0vi0DhthLdrNEnspdLzkoFqGwnmOzakEHSlXfVyA4HJ322QtFy7biUAVFPvIDEDQa6rw=="
    },
    "@rollup/rollup-linux-arm64-gnu@4.24.3": {
      "integrity": "sha512-fKElSyXhXIJ9pqiYRqisfirIo2Z5pTTve5K438URf08fsypXrEkVmShkSfM8GJ1aUyvjakT+fn2W7Czlpd/0FQ=="
    },
    "@rollup/rollup-linux-arm64-musl@4.24.3": {
      "integrity": "sha512-YlddZSUk8G0px9/+V9PVilVDC6ydMz7WquxozToozSnfFK6wa6ne1ATUjUvjin09jp34p84milxlY5ikueoenw=="
    },
    "@rollup/rollup-linux-powerpc64le-gnu@4.24.3": {
      "integrity": "sha512-yNaWw+GAO8JjVx3s3cMeG5Esz1cKVzz8PkTJSfYzE5u7A+NvGmbVFEHP+BikTIyYWuz0+DX9kaA3pH9Sqxp69g=="
    },
    "@rollup/rollup-linux-riscv64-gnu@4.24.3": {
      "integrity": "sha512-lWKNQfsbpv14ZCtM/HkjCTm4oWTKTfxPmr7iPfp3AHSqyoTz5AgLemYkWLwOBWc+XxBbrU9SCokZP0WlBZM9lA=="
    },
    "@rollup/rollup-linux-s390x-gnu@4.24.3": {
      "integrity": "sha512-HoojGXTC2CgCcq0Woc/dn12wQUlkNyfH0I1ABK4Ni9YXyFQa86Fkt2Q0nqgLfbhkyfQ6003i3qQk9pLh/SpAYw=="
    },
    "@rollup/rollup-linux-x64-gnu@4.24.3": {
      "integrity": "sha512-mnEOh4iE4USSccBOtcrjF5nj+5/zm6NcNhbSEfR3Ot0pxBwvEn5QVUXcuOwwPkapDtGZ6pT02xLoPaNv06w7KQ=="
    },
    "@rollup/rollup-linux-x64-musl@4.24.3": {
      "integrity": "sha512-rMTzawBPimBQkG9NKpNHvquIUTQPzrnPxPbCY1Xt+mFkW7pshvyIS5kYgcf74goxXOQk0CP3EoOC1zcEezKXhw=="
    },
    "@rollup/rollup-win32-arm64-msvc@4.24.3": {
      "integrity": "sha512-2lg1CE305xNvnH3SyiKwPVsTVLCg4TmNCF1z7PSHX2uZY2VbUpdkgAllVoISD7JO7zu+YynpWNSKAtOrX3AiuA=="
    },
    "@rollup/rollup-win32-ia32-msvc@4.24.3": {
      "integrity": "sha512-9SjYp1sPyxJsPWuhOCX6F4jUMXGbVVd5obVpoVEi8ClZqo52ViZewA6eFz85y8ezuOA+uJMP5A5zo6Oz4S5rVQ=="
    },
    "@rollup/rollup-win32-x64-msvc@4.24.3": {
      "integrity": "sha512-HGZgRFFYrMrP3TJlq58nR1xy8zHKId25vhmm5S9jETEfDf6xybPxsavFTJaufe2zgOGYJBskGlj49CwtEuFhWQ=="
    },
    "@types/estree@1.0.6": {
      "integrity": "sha512-AYnb1nQyY49te+VRAVgmzfcgjYS91mY5P0TKUDCLEM+gNnA+3T6rWITXRLYCpahpqSQbN5cE+gHpnPyXjHWxcw=="
    },
    "@wasmer/sdk@0.8.0": {
      "integrity": "sha512-knXAax6IWqdkTKwvxA88n6SiXhZu1YQsPlFwRZR1V6cDsu0hawYS37ja6xobYE3unnbMzFH3l/WQKJgJSHebqQ=="
    },
    "esbuild@0.21.5": {
      "integrity": "sha512-mg3OPMV4hXywwpoDxu3Qda5xCKQi+vCTZq8S9J/EpkhB2HzKXq4SNFZE3+NK93JYxc8VMSep+lOUSC/RVKaBqw==",
      "dependencies": [
        "@esbuild/aix-ppc64",
        "@esbuild/android-arm",
        "@esbuild/android-arm64",
        "@esbuild/android-x64",
        "@esbuild/darwin-arm64",
        "@esbuild/darwin-x64",
        "@esbuild/freebsd-arm64",
        "@esbuild/freebsd-x64",
        "@esbuild/linux-arm",
        "@esbuild/linux-arm64",
        "@esbuild/linux-ia32",
        "@esbuild/linux-loong64",
        "@esbuild/linux-mips64el",
        "@esbuild/linux-ppc64",
        "@esbuild/linux-riscv64",
        "@esbuild/linux-s390x",
        "@esbuild/linux-x64",
        "@esbuild/netbsd-x64",
        "@esbuild/openbsd-x64",
        "@esbuild/sunos-x64",
        "@esbuild/win32-arm64",
        "@esbuild/win32-ia32",
        "@esbuild/win32-x64"
      ]
    },
    "fsevents@2.3.3": {
      "integrity": "sha512-5xoDfX+fL7faATnagmWPpbFtwh/R77WmMMqqHGS65C3vvB0YHrgF+B1YmZ3441tMj5n63k0212XNoJwzlhffQw=="
    },
    "nanoid@3.3.7": {
      "integrity": "sha512-eSRppjcPIatRIMC1U6UngP8XFcz8MQWGQdt1MTBQ7NaAmvXDfvNxbvWV3x2y6CdEUciCSsDHDQZbhYaB8QEo2g=="
    },
    "picocolors@1.1.1": {
      "integrity": "sha512-xceH2snhtb5M9liqDsmEw56le376mTZkEX/jEb/RxNFyegNul7eNslCXP9FDj/Lcu0X8KEyMceP2ntpaHrDEVA=="
    },
    "postcss@8.4.47": {
      "integrity": "sha512-56rxCq7G/XfB4EkXq9Egn5GCqugWvDFjafDOThIdMBsI15iqPqR5r15TfSr1YPYeEI19YeaXMCbY6u88Y76GLQ==",
      "dependencies": [
        "nanoid",
        "picocolors",
        "source-map-js"
      ]
    },
    "rollup@4.24.3": {
      "integrity": "sha512-HBW896xR5HGmoksbi3JBDtmVzWiPAYqp7wip50hjQ67JbDz61nyoMPdqu1DvVW9asYb2M65Z20ZHsyJCMqMyDg==",
      "dependencies": [
        "@rollup/rollup-android-arm-eabi",
        "@rollup/rollup-android-arm64",
        "@rollup/rollup-darwin-arm64",
        "@rollup/rollup-darwin-x64",
        "@rollup/rollup-freebsd-arm64",
        "@rollup/rollup-freebsd-x64",
        "@rollup/rollup-linux-arm-gnueabihf",
        "@rollup/rollup-linux-arm-musleabihf",
        "@rollup/rollup-linux-arm64-gnu",
        "@rollup/rollup-linux-arm64-musl",
        "@rollup/rollup-linux-powerpc64le-gnu",
        "@rollup/rollup-linux-riscv64-gnu",
        "@rollup/rollup-linux-s390x-gnu",
        "@rollup/rollup-linux-x64-gnu",
        "@rollup/rollup-linux-x64-musl",
        "@rollup/rollup-win32-arm64-msvc",
        "@rollup/rollup-win32-ia32-msvc",
        "@rollup/rollup-win32-x64-msvc",
        "@types/estree",
        "fsevents"
      ]
    },
    "source-map-js@1.2.1": {
      "integrity": "sha512-UXWMKhLOwVKb728IUtQPXxfYU+usdybtUrK/8uGE8CQMvrhOpwvzDBwj0QhSL7MQc7vIsISBG8VQ8+IDQxpfQA=="
    },
    "vite@5.4.10": {
      "integrity": "sha512-1hvaPshuPUtxeQ0hsVH3Mud0ZanOLwVTneA1EgbAM5LhaZEqyPWGRQ7BtaMvUrTDeEaC8pxtj6a6jku3x4z6SQ==",
      "dependencies": [
        "esbuild",
        "fsevents",
        "postcss",
        "rollup"
      ]
    },
    "xterm-addon-fit@0.8.0_xterm@5.3.0": {
      "integrity": "sha512-yj3Np7XlvxxhYF/EJ7p3KHaMt6OdwQ+HDu573Vx1lRXsVxOcnVJs51RgjZOouIZOczTsskaS+CpXspK81/DLqw==",
      "dependencies": [
        "xterm"
      ]
    },
    "xterm@5.3.0": {
      "integrity": "sha512-8QqjlekLUFTrU6x7xck1MsPzPA571K5zNqWm0M0oroYEWVOptZ0+ubQSkQ3uxIEhcIHRujJy6emDWX4A7qyFzg=="
    }
  },
  "remote": {
    "https://deno.land/x/good@1.13.0.0/flattened/all_key_descriptions.js": "9ca2bb16873db46ab1bcab6a49012136b51976bbadf155cc11368c5ccb935420",
    "https://deno.land/x/good@1.13.0.0/flattened/all_keys.js": "71ed06664181d08960b7df5e401bf7f82224457a65b41d5ddd71fd0e5e61b0cc",
    "https://deno.land/x/good@1.13.0.0/flattened/array_of_keys_to_object.js": "29b0c195975dc4da82a10eb68dfb1ae81774004194d2e5e2a81c4f3f6268d24e",
    "https://deno.land/x/good@1.13.0.0/flattened/compare_property.js": "81350bb8ef5331a02ac3a91dcde73283d9152010b78f72fa2a9762571b1dd78b",
    "https://deno.land/x/good@1.13.0.0/flattened/get.js": "4f87db56859496ba91de161ebb36109affc9107e5f76dc40e893bfbda22397e0",
    "https://deno.land/x/good@1.13.0.0/flattened/has_direct_key_list.js": "f7aa8c3a7baca7e66584d1f11d77619d45b224ad48cc480035718ff66bbe7b40",
    "https://deno.land/x/good@1.13.0.0/flattened/has_key_list.js": "e2d4c467b76890a98ede031325ff9163f5fbda2894a4a4b824aefb6413c6e18c",
    "https://deno.land/x/good@1.13.0.0/flattened/is_empty.js": "d769ed4b9b8f3e423b6cb479ec54642e5c77426da55a18817824921f677b186d",
    "https://deno.land/x/good@1.13.0.0/flattened/is_empty_object.js": "b73ff724b11d03dec8a168a594a26b01f385d97f7a1c1a9465f9d8951039f0f7",
    "https://deno.land/x/good@1.13.0.0/flattened/merge.js": "5dbaddef1037911ad5d011962abf7e8ab644cf20af36a309cacaaebf4dfd1eef",
    "https://deno.land/x/good@1.13.0.0/flattened/object_compare.js": "307b87d024f93e3f6d9c534400fe60f44ed2f6b28bb4b24be79e930570eb12f6",
    "https://deno.land/x/good@1.13.0.0/flattened/own_key_descriptions.js": "83912de94b7a312bee00aeb9ce91639b6e41fc49566567b91f5ad5fd43e86076",
    "https://deno.land/x/good@1.13.0.0/flattened/recursively_iterate_own_keys_of.js": "aa760b7df1b21c0f2fb075281eeaa148ba515d3f76751ed33e8a01cde332b4d3",
    "https://deno.land/x/good@1.13.0.0/flattened/recursively_own_keys_of.js": "cb0e332f559c8d309b5278a5ec793714a9157456cbeb8dd2db7e64fae2290089",
    "https://deno.land/x/good@1.13.0.0/flattened/remove.js": "179277d4c9a0164d9ff86146ccd958943870ec6f9b81896e6655fde90ef60dd3",
    "https://deno.land/x/good@1.13.0.0/flattened/set.js": "55ab4d7259a7c8ed24d76092510d50fe679b93a013fa48bfc57270bf2e0dd0f3",
    "https://deno.land/x/good@1.13.0.0/flattened/set_if_missing_direct_key.js": "963a3771665868a705e36448e62f2a559aab2d57d24e4a4fcfc417588139d386",
    "https://deno.land/x/good@1.13.0.0/object.js": "173941204ac6a05674b8eb724548046b4b9ddb23346a1c83d43085e77c077ec9",
    "https://deno.land/x/good@1.13.0.1/flattened/all_equal.js": "b7e179e04347505c4b9fc6dd0e66533fba817756a28633820fe83f0c437e3744",
    "https://deno.land/x/good@1.13.0.1/flattened/all_keys.js": "71ed06664181d08960b7df5e401bf7f82224457a65b41d5ddd71fd0e5e61b0cc",
    "https://deno.land/x/good@1.13.0.1/flattened/capitalize.js": "ac03f2894251737c8fc01ba39cbfbde144e22fb96af1549fc063873d48b43575",
    "https://deno.land/x/good@1.13.0.1/flattened/common_prefix.js": "f6072ca22f516e182ee1af713461b275d066128b758f13bfbaeddc4938ed7ae8",
    "https://deno.land/x/good@1.13.0.1/flattened/common_prefix_removed.js": "72f555e127b89724921bba2569690442bcabe4058c78f120fb1504b480a4dcfa",
    "https://deno.land/x/good@1.13.0.1/flattened/common_suffix.js": "6bfcf2947d5bfa72899bbdf258a55e85f7c1cc205f0305715c6ea1ca72718866",
    "https://deno.land/x/good@1.13.0.1/flattened/common_suffix_removed.js": "3f7d28a0ebc13e9fb63129d87878f184f6f42cad7cd033daeb1110d19eaf5308",
    "https://deno.land/x/good@1.13.0.1/flattened/did_you_mean.js": "9ccbfbb90168ef07a7008bd145442f1675042ce6e214d0be144948c832473fe1",
    "https://deno.land/x/good@1.13.0.1/flattened/digits_to_english_array.js": "3380712146f777e66bf84ec8ba883141c0a5aad1fbce9dc14ed22807f1faa341",
    "https://deno.land/x/good@1.13.0.1/flattened/empty_generator_object.js": "5832c04b97297226fa8b8c715b5311dd1b63fe0722d1000cfb4213a554d7ef12",
    "https://deno.land/x/good@1.13.0.1/flattened/escape_regex_match.js": "bb48e25ebce3fb919530606400cb93b81772ebeb0181f30d0e188910dc7a274d",
    "https://deno.land/x/good@1.13.0.1/flattened/escape_regex_replace.js": "68a3e6b1ff9b2f5d11b597ebf951ce278b8c078c9d13f431aacb55cf952eff46",
    "https://deno.land/x/good@1.13.0.1/flattened/extract_first.js": "4fad1720bd1cc31dcc0dcc670c0686df317d020129a2d1a396d7283edf77cdda",
    "https://deno.land/x/good@1.13.0.1/flattened/find_all.js": "5b2e9e2ceb6c0ff8d18fcac8ab9e102f2e4cdfddd6c7d28efe7feeaa458d36cc",
    "https://deno.land/x/good@1.13.0.1/flattened/indent.js": "8014a642ee1d22901b9c5e8768ce7b0e582bfe142814442199b44a7e17dbbaa0",
    "https://deno.land/x/good@1.13.0.1/flattened/is_valid_identifier.js": "8336e641318bbe52d9a948f4b1c30a544c6e23d298a60d7383dfd896eaa8f32d",
    "https://deno.land/x/good@1.13.0.1/flattened/is_valid_key_literal.js": "92a4006858f0db16da69e929900be675e0b0fd240fe177a86fe0b75b8114b39f",
    "https://deno.land/x/good@1.13.0.1/flattened/iter_zip_long_sync.js": "4c94a0b3de809ebd82bb6deab36b8d6501484bb01a8b50e0a2f5766969e31932",
    "https://deno.land/x/good@1.13.0.1/flattened/iteratively_find_all.js": "99df80abbd648ade4ab0a2631e7ed45a9c28cf5d37fe4d7c541b926249727c18",
    "https://deno.land/x/good@1.13.0.1/flattened/levenshtein_distance_between.js": "e385eb1546874ab9dc5df0ceccb90a5435f41500bfab31f0af2db11a7172bbfd",
    "https://deno.land/x/good@1.13.0.1/flattened/levenshtein_distance_ordering.js": "e5a75c94bc00b83ab9136d522ce78c2a712e7a7ad56511f8dda4088bf1669b28",
    "https://deno.land/x/good@1.13.0.1/flattened/make_iterator.js": "ea6a397d92b7384b8a0da02df22e9212ecbf11aa89bfc4eedeb8214056634e3c",
    "https://deno.land/x/good@1.13.0.1/flattened/regex.js": "67031e9e823372ecf1ddb2cb23c9386d19688a67cc26875057d7843f20d3ef7f",
    "https://deno.land/x/good@1.13.0.1/flattened/remove_common_prefix.js": "33bc350be6bcc1fdc301c64974f44f7a2d00317ff595348e406d0c79b1005e14",
    "https://deno.land/x/good@1.13.0.1/flattened/remove_common_suffix.js": "cd101bb555afdb74ee619d043ba33f39e9eadaf0688cd91d4c6e866914de3326",
    "https://deno.land/x/good@1.13.0.1/flattened/string_to_utf8_bytes.js": "cdf8e955c3758f96e23fac5fb1741e0b3186b430c80a638b4696e98690ad3ac6",
    "https://deno.land/x/good@1.13.0.1/flattened/to_camel_case.js": "fb339ac115d9cc065c47015ec0fc99e2ae0db9ce4725e499df48de14a2235f10",
    "https://deno.land/x/good@1.13.0.1/flattened/to_kebab_case.js": "e0d0e1c17bd53533f9faeb39a3d8ceb1ebf6024eadb0f353447a80a388f0ed17",
    "https://deno.land/x/good@1.13.0.1/flattened/to_pascal_case.js": "3b8adc536f8ae99360f2d87b5a1b3624eff1646792abcbcc7379f0094a2d4e1b",
    "https://deno.land/x/good@1.13.0.1/flattened/to_representation.js": "9da1c83a1767dec337110795f2bb6bc53c8a5e455c3349d160433b947da6fbdc",
    "https://deno.land/x/good@1.13.0.1/flattened/to_screaming_kebab_case.js": "59a043737404aec93f2e8a49ee665108194d5c444d8d483658146af4728a03fb",
    "https://deno.land/x/good@1.13.0.1/flattened/to_screaming_snake_case.js": "ae3a0aa0c70a8d96beaf8dafce9f232f4244cc2522888031751228e327d1ce90",
    "https://deno.land/x/good@1.13.0.1/flattened/to_snake_case.js": "d3d489b88987afae54856c00784113c58fc012af5cf143d88eab9325a408d718",
    "https://deno.land/x/good@1.13.0.1/flattened/to_string.js": "eaf5dbcdccea49da5eeea5ba10260876eae2ca248bfb30157ca62fea8ac6e347",
    "https://deno.land/x/good@1.13.0.1/flattened/typed_array__class.js": "90aff697c9b806cc12c2d72fd4aad994b1239790fc4da060d8e9621bf84070d6",
    "https://deno.land/x/good@1.13.0.1/flattened/typed_array_classes.js": "a4820d7bbec03a38fb26f45ed3995fedbebc355e934d046b6f490b55df959300",
    "https://deno.land/x/good@1.13.0.1/flattened/utf8_bytes_to_string.js": "2312c84d92a4698fe2d1ae9d3741d5af8f00bec0d9a7147d4d1e19cf1ee345ec",
    "https://deno.land/x/good@1.13.0.1/flattened/word_list.js": "fc39da8e045a7f1e017e208c9ebbd4803ff74b4e437458d765fc11461e60d7f0",
    "https://deno.land/x/good@1.13.0.1/flattened/zip_long.js": "73159db0a96262311f4427f8fa507e2387f790d26dadd5fdcfc88a2ec5d668c8",
    "https://deno.land/x/good@1.13.0.1/string.js": "325f77ae06c7397dc67edea2af2b1d7d84a7527eebc8b39208a4e5549e2b3247"
  },
  "workspace": {
    "packageJson": {
      "dependencies": [
        "npm:@wasmer/sdk@0.8",
        "npm:vite@^5.4.10",
        "npm:xterm-addon-fit@0.8",
        "npm:xterm@^5.3.0"
      ]
    }
  }
}
